// !$*UTF8*$!
{
	archiveVersion = 1;
	classes = {
	};
	objectVersion = 50;
	objects = {

/* Begin PBXBuildFile section */
		26020B132358C464005246B4 /* venue.swift in Sources */ = {isa = PBXBuildFile; fileRef = 26020B122358C464005246B4 /* venue.swift */; };
		26020B152358DCA8005246B4 /* VenueList.swift in Sources */ = {isa = PBXBuildFile; fileRef = 26020B142358DCA8005246B4 /* VenueList.swift */; };
		26020B172358E074005246B4 /* VenueDetail.swift in Sources */ = {isa = PBXBuildFile; fileRef = 26020B162358E074005246B4 /* VenueDetail.swift */; };
		260BE8AD2356469F00A7A306 /* AppDelegate.swift in Sources */ = {isa = PBXBuildFile; fileRef = 260BE8AC2356469F00A7A306 /* AppDelegate.swift */; };
		260BE8AF2356469F00A7A306 /* SceneDelegate.swift in Sources */ = {isa = PBXBuildFile; fileRef = 260BE8AE2356469F00A7A306 /* SceneDelegate.swift */; };
		260BE8B12356469F00A7A306 /* ScheduleView.swift in Sources */ = {isa = PBXBuildFile; fileRef = 260BE8B02356469F00A7A306 /* ScheduleView.swift */; };
		260BE8B3235646AA00A7A306 /* Assets.xcassets in Resources */ = {isa = PBXBuildFile; fileRef = 260BE8B2235646AA00A7A306 /* Assets.xcassets */; };
		260BE8B6235646AA00A7A306 /* Preview Assets.xcassets in Resources */ = {isa = PBXBuildFile; fileRef = 260BE8B5235646AA00A7A306 /* Preview Assets.xcassets */; };
		260BE8B9235646AA00A7A306 /* LaunchScreen.storyboard in Resources */ = {isa = PBXBuildFile; fileRef = 260BE8B7235646AA00A7A306 /* LaunchScreen.storyboard */; };
		260BE8C5235764AA00A7A306 /* schedule.swift in Sources */ = {isa = PBXBuildFile; fileRef = 260BE8C0235764AA00A7A306 /* schedule.swift */; };
		260BE8C6235764AA00A7A306 /* constants.swift in Sources */ = {isa = PBXBuildFile; fileRef = 260BE8C1235764AA00A7A306 /* constants.swift */; };
		260BE8C7235764AA00A7A306 /* player.swift in Sources */ = {isa = PBXBuildFile; fileRef = 260BE8C2235764AA00A7A306 /* player.swift */; };
		260BE8C8235764AA00A7A306 /* jsonSchedule.swift in Sources */ = {isa = PBXBuildFile; fileRef = 260BE8C3235764AA00A7A306 /* jsonSchedule.swift */; };
		260BE8C9235764AA00A7A306 /* playWeek.swift in Sources */ = {isa = PBXBuildFile; fileRef = 260BE8C4235764AA00A7A306 /* playWeek.swift */; };
		260BE8CB2357ABA500A7A306 /* ContactsPlayerList.swift in Sources */ = {isa = PBXBuildFile; fileRef = 260BE8CA2357ABA500A7A306 /* ContactsPlayerList.swift */; };
		261A97D32360B8240077EE11 /* ContactsView.swift in Sources */ = {isa = PBXBuildFile; fileRef = 261A97D22360B8240077EE11 /* ContactsView.swift */; };
		261A97D52360C4160077EE11 /* ScheduledPlayer.swift in Sources */ = {isa = PBXBuildFile; fileRef = 261A97D42360C4160077EE11 /* ScheduledPlayer.swift */; };
		261A97D72360F34D0077EE11 /* HomeScreen.swift in Sources */ = {isa = PBXBuildFile; fileRef = 261A97D62360F34D0077EE11 /* HomeScreen.swift */; };
		261A97D92360F7A40077EE11 /* ScheduledPlayersDetailView.swift in Sources */ = {isa = PBXBuildFile; fileRef = 261A97D82360F7A40077EE11 /* ScheduledPlayersDetailView.swift */; };
		263F3CC2235E478400F028A4 /* VenueBlockedList.swift in Sources */ = {isa = PBXBuildFile; fileRef = 263F3CC1235E478400F028A4 /* VenueBlockedList.swift */; };
		26C1FA3D2361DEF400408999 /* EmbeddedContactPicker.swift in Sources */ = {isa = PBXBuildFile; fileRef = 26C1FA3C2361DEF400408999 /* EmbeddedContactPicker.swift */; };
		26C1FA3F2363927400408999 /* ScheduledPlayersView.swift in Sources */ = {isa = PBXBuildFile; fileRef = 26C1FA3E2363927400408999 /* ScheduledPlayersView.swift */; };
		26F0F05A2364E3EF00020EE9 /* WeeklyScheduleView.swift in Sources */ = {isa = PBXBuildFile; fileRef = 26F0F0592364E3EF00020EE9 /* WeeklyScheduleView.swift */; };
		26F0F05C236601DB00020EE9 /* ScheduleFirstSection.swift in Sources */ = {isa = PBXBuildFile; fileRef = 26F0F05B236601DB00020EE9 /* ScheduleFirstSection.swift */; };
/* End PBXBuildFile section */

/* Begin PBXFileReference section */
		26020B122358C464005246B4 /* venue.swift */ = {isa = PBXFileReference; lastKnownFileType = sourcecode.swift; path = venue.swift; sourceTree = "<group>"; };
		26020B142358DCA8005246B4 /* VenueList.swift */ = {isa = PBXFileReference; lastKnownFileType = sourcecode.swift; path = VenueList.swift; sourceTree = "<group>"; };
		26020B162358E074005246B4 /* VenueDetail.swift */ = {isa = PBXFileReference; lastKnownFileType = sourcecode.swift; path = VenueDetail.swift; sourceTree = "<group>"; };
		260BE8A92356469F00A7A306 /* Tennis Anyone Swift.app */ = {isa = PBXFileReference; explicitFileType = wrapper.application; includeInIndex = 0; path = "Tennis Anyone Swift.app"; sourceTree = BUILT_PRODUCTS_DIR; };
		260BE8AC2356469F00A7A306 /* AppDelegate.swift */ = {isa = PBXFileReference; lastKnownFileType = sourcecode.swift; path = AppDelegate.swift; sourceTree = "<group>"; };
		260BE8AE2356469F00A7A306 /* SceneDelegate.swift */ = {isa = PBXFileReference; lastKnownFileType = sourcecode.swift; path = SceneDelegate.swift; sourceTree = "<group>"; };
		260BE8B02356469F00A7A306 /* ScheduleView.swift */ = {isa = PBXFileReference; lastKnownFileType = sourcecode.swift; path = ScheduleView.swift; sourceTree = "<group>"; };
		260BE8B2235646AA00A7A306 /* Assets.xcassets */ = {isa = PBXFileReference; lastKnownFileType = folder.assetcatalog; path = Assets.xcassets; sourceTree = "<group>"; };
		260BE8B5235646AA00A7A306 /* Preview Assets.xcassets */ = {isa = PBXFileReference; lastKnownFileType = folder.assetcatalog; path = "Preview Assets.xcassets"; sourceTree = "<group>"; };
		260BE8B8235646AA00A7A306 /* Base */ = {isa = PBXFileReference; lastKnownFileType = file.storyboard; name = Base; path = Base.lproj/LaunchScreen.storyboard; sourceTree = "<group>"; };
		260BE8BA235646AA00A7A306 /* Info.plist */ = {isa = PBXFileReference; lastKnownFileType = text.plist.xml; path = Info.plist; sourceTree = "<group>"; };
		260BE8C0235764AA00A7A306 /* schedule.swift */ = {isa = PBXFileReference; fileEncoding = 4; lastKnownFileType = sourcecode.swift; path = schedule.swift; sourceTree = "<group>"; };
		260BE8C1235764AA00A7A306 /* constants.swift */ = {isa = PBXFileReference; fileEncoding = 4; lastKnownFileType = sourcecode.swift; path = constants.swift; sourceTree = "<group>"; };
		260BE8C2235764AA00A7A306 /* player.swift */ = {isa = PBXFileReference; fileEncoding = 4; lastKnownFileType = sourcecode.swift; path = player.swift; sourceTree = "<group>"; };
		260BE8C3235764AA00A7A306 /* jsonSchedule.swift */ = {isa = PBXFileReference; fileEncoding = 4; lastKnownFileType = sourcecode.swift; path = jsonSchedule.swift; sourceTree = "<group>"; };
		260BE8C4235764AA00A7A306 /* playWeek.swift */ = {isa = PBXFileReference; fileEncoding = 4; lastKnownFileType = sourcecode.swift; path = playWeek.swift; sourceTree = "<group>"; };
		260BE8CA2357ABA500A7A306 /* ContactsPlayerList.swift */ = {isa = PBXFileReference; lastKnownFileType = sourcecode.swift; path = ContactsPlayerList.swift; sourceTree = "<group>"; };
		261A97D22360B8240077EE11 /* ContactsView.swift */ = {isa = PBXFileReference; lastKnownFileType = sourcecode.swift; path = ContactsView.swift; sourceTree = "<group>"; };
		261A97D42360C4160077EE11 /* ScheduledPlayer.swift */ = {isa = PBXFileReference; lastKnownFileType = sourcecode.swift; path = ScheduledPlayer.swift; sourceTree = "<group>"; };
		261A97D62360F34D0077EE11 /* HomeScreen.swift */ = {isa = PBXFileReference; lastKnownFileType = sourcecode.swift; path = HomeScreen.swift; sourceTree = "<group>"; };
		261A97D82360F7A40077EE11 /* ScheduledPlayersDetailView.swift */ = {isa = PBXFileReference; lastKnownFileType = sourcecode.swift; path = ScheduledPlayersDetailView.swift; sourceTree = "<group>"; };
		263F3CC1235E478400F028A4 /* VenueBlockedList.swift */ = {isa = PBXFileReference; lastKnownFileType = sourcecode.swift; path = VenueBlockedList.swift; sourceTree = "<group>"; };
		26C1FA3C2361DEF400408999 /* EmbeddedContactPicker.swift */ = {isa = PBXFileReference; lastKnownFileType = sourcecode.swift; path = EmbeddedContactPicker.swift; sourceTree = "<group>"; };
		26C1FA3E2363927400408999 /* ScheduledPlayersView.swift */ = {isa = PBXFileReference; lastKnownFileType = sourcecode.swift; path = ScheduledPlayersView.swift; sourceTree = "<group>"; };
		26F0F0592364E3EF00020EE9 /* WeeklyScheduleView.swift */ = {isa = PBXFileReference; lastKnownFileType = sourcecode.swift; path = WeeklyScheduleView.swift; sourceTree = "<group>"; };
		26F0F05B236601DB00020EE9 /* ScheduleFirstSection.swift */ = {isa = PBXFileReference; lastKnownFileType = sourcecode.swift; path = ScheduleFirstSection.swift; sourceTree = "<group>"; };
/* End PBXFileReference section */

/* Begin PBXFrameworksBuildPhase section */
		260BE8A62356469F00A7A306 /* Frameworks */ = {
			isa = PBXFrameworksBuildPhase;
			buildActionMask = 2147483647;
			files = (
			);
			runOnlyForDeploymentPostprocessing = 0;
		};
/* End PBXFrameworksBuildPhase section */

/* Begin PBXGroup section */
		26020B102358C365005246B4 /* Views */ = {
			isa = PBXGroup;
			children = (
				26C1FA402363A5AE00408999 /* Schedule Views */,
				26C1FA412363A5D400408999 /* Contacts View */,
				261A97D62360F34D0077EE11 /* HomeScreen.swift */,
				26C1FA3C2361DEF400408999 /* EmbeddedContactPicker.swift */,
			);
			path = Views;
			sourceTree = "<group>";
		};
		26020B112358C397005246B4 /* Model */ = {
			isa = PBXGroup;
			children = (
				260BE8C2235764AA00A7A306 /* player.swift */,
				261A97D42360C4160077EE11 /* ScheduledPlayer.swift */,
				26020B122358C464005246B4 /* venue.swift */,
				260BE8C4235764AA00A7A306 /* playWeek.swift */,
				260BE8C0235764AA00A7A306 /* schedule.swift */,
			);
			path = Model;
			sourceTree = "<group>";
		};
		260BE8A02356469F00A7A306 = {
			isa = PBXGroup;
			children = (
				260BE8AB2356469F00A7A306 /* Tennis Anyone Swift */,
				260BE8AA2356469F00A7A306 /* Products */,
			);
			sourceTree = "<group>";
		};
		260BE8AA2356469F00A7A306 /* Products */ = {
			isa = PBXGroup;
			children = (
				260BE8A92356469F00A7A306 /* Tennis Anyone Swift.app */,
			);
			name = Products;
			sourceTree = "<group>";
		};
		260BE8AB2356469F00A7A306 /* Tennis Anyone Swift */ = {
			isa = PBXGroup;
			children = (
				260BE8AC2356469F00A7A306 /* AppDelegate.swift */,
				260BE8AE2356469F00A7A306 /* SceneDelegate.swift */,
				26020B102358C365005246B4 /* Views */,
				26020B112358C397005246B4 /* Model */,
				260BE8C1235764AA00A7A306 /* constants.swift */,
				260BE8C3235764AA00A7A306 /* jsonSchedule.swift */,
				260BE8B7235646AA00A7A306 /* LaunchScreen.storyboard */,
				260BE8B2235646AA00A7A306 /* Assets.xcassets */,
				260BE8BA235646AA00A7A306 /* Info.plist */,
				260BE8B4235646AA00A7A306 /* Preview Content */,
			);
			path = "Tennis Anyone Swift";
			sourceTree = "<group>";
		};
		260BE8B4235646AA00A7A306 /* Preview Content */ = {
			isa = PBXGroup;
			children = (
				260BE8B5235646AA00A7A306 /* Preview Assets.xcassets */,
			);
			path = "Preview Content";
			sourceTree = "<group>";
		};
		26C1FA402363A5AE00408999 /* Schedule Views */ = {
			isa = PBXGroup;
			children = (
				260BE8B02356469F00A7A306 /* ScheduleView.swift */,
				26F0F05B236601DB00020EE9 /* ScheduleFirstSection.swift */,
				261A97D82360F7A40077EE11 /* ScheduledPlayersDetailView.swift */,
				26C1FA3E2363927400408999 /* ScheduledPlayersView.swift */,
				263F3CC1235E478400F028A4 /* VenueBlockedList.swift */,
				26F0F0592364E3EF00020EE9 /* WeeklyScheduleView.swift */,
			);
			path = "Schedule Views";
			sourceTree = "<group>";
		};
		26C1FA412363A5D400408999 /* Contacts View */ = {
			isa = PBXGroup;
			children = (
				261A97D22360B8240077EE11 /* ContactsView.swift */,
				260BE8CA2357ABA500A7A306 /* ContactsPlayerList.swift */,
				26020B142358DCA8005246B4 /* VenueList.swift */,
				26020B162358E074005246B4 /* VenueDetail.swift */,
			);
			path = "Contacts View";
			sourceTree = "<group>";
		};
/* End PBXGroup section */

/* Begin PBXNativeTarget section */
		260BE8A82356469F00A7A306 /* Tennis Anyone Swift */ = {
			isa = PBXNativeTarget;
			buildConfigurationList = 260BE8BD235646AB00A7A306 /* Build configuration list for PBXNativeTarget "Tennis Anyone Swift" */;
			buildPhases = (
				260BE8A52356469F00A7A306 /* Sources */,
				260BE8A62356469F00A7A306 /* Frameworks */,
				260BE8A72356469F00A7A306 /* Resources */,
			);
			buildRules = (
			);
			dependencies = (
			);
			name = "Tennis Anyone Swift";
			productName = "Tennis Anyone Swift";
			productReference = 260BE8A92356469F00A7A306 /* Tennis Anyone Swift.app */;
			productType = "com.apple.product-type.application";
		};
/* End PBXNativeTarget section */

/* Begin PBXProject section */
		260BE8A12356469F00A7A306 /* Project object */ = {
			isa = PBXProject;
			attributes = {
				LastSwiftUpdateCheck = 1110;
				LastUpgradeCheck = 1110;
				ORGANIZATIONNAME = "George Breen";
				TargetAttributes = {
					260BE8A82356469F00A7A306 = {
						CreatedOnToolsVersion = 11.1;
					};
				};
			};
			buildConfigurationList = 260BE8A42356469F00A7A306 /* Build configuration list for PBXProject "Tennis Anyone Swift" */;
			compatibilityVersion = "Xcode 9.3";
			developmentRegion = en;
			hasScannedForEncodings = 0;
			knownRegions = (
				en,
				Base,
			);
			mainGroup = 260BE8A02356469F00A7A306;
			productRefGroup = 260BE8AA2356469F00A7A306 /* Products */;
			projectDirPath = "";
			projectRoot = "";
			targets = (
				260BE8A82356469F00A7A306 /* Tennis Anyone Swift */,
			);
		};
/* End PBXProject section */

/* Begin PBXResourcesBuildPhase section */
		260BE8A72356469F00A7A306 /* Resources */ = {
			isa = PBXResourcesBuildPhase;
			buildActionMask = 2147483647;
			files = (
				260BE8B9235646AA00A7A306 /* LaunchScreen.storyboard in Resources */,
				260BE8B6235646AA00A7A306 /* Preview Assets.xcassets in Resources */,
				260BE8B3235646AA00A7A306 /* Assets.xcassets in Resources */,
			);
			runOnlyForDeploymentPostprocessing = 0;
		};
/* End PBXResourcesBuildPhase section */

/* Begin PBXSourcesBuildPhase section */
		260BE8A52356469F00A7A306 /* Sources */ = {
			isa = PBXSourcesBuildPhase;
			buildActionMask = 2147483647;
			files = (
				260BE8AD2356469F00A7A306 /* AppDelegate.swift in Sources */,
				263F3CC2235E478400F028A4 /* VenueBlockedList.swift in Sources */,
				26C1FA3D2361DEF400408999 /* EmbeddedContactPicker.swift in Sources */,
				26020B132358C464005246B4 /* venue.swift in Sources */,
				26F0F05A2364E3EF00020EE9 /* WeeklyScheduleView.swift in Sources */,
				260BE8AF2356469F00A7A306 /* SceneDelegate.swift in Sources */,
				26F0F05C236601DB00020EE9 /* ScheduleFirstSection.swift in Sources */,
				26C1FA3F2363927400408999 /* ScheduledPlayersView.swift in Sources */,
				261A97D72360F34D0077EE11 /* HomeScreen.swift in Sources */,
				26020B152358DCA8005246B4 /* VenueList.swift in Sources */,
				260BE8CB2357ABA500A7A306 /* ContactsPlayerList.swift in Sources */,
				260BE8C5235764AA00A7A306 /* schedule.swift in Sources */,
				260BE8C9235764AA00A7A306 /* playWeek.swift in Sources */,
				260BE8C6235764AA00A7A306 /* constants.swift in Sources */,
				260BE8C8235764AA00A7A306 /* jsonSchedule.swift in Sources */,
				260BE8C7235764AA00A7A306 /* player.swift in Sources */,
				26020B172358E074005246B4 /* VenueDetail.swift in Sources */,
				261A97D52360C4160077EE11 /* ScheduledPlayer.swift in Sources */,
				261A97D92360F7A40077EE11 /* ScheduledPlayersDetailView.swift in Sources */,
				260BE8B12356469F00A7A306 /* ScheduleView.swift in Sources */,
				261A97D32360B8240077EE11 /* ContactsView.swift in Sources */,
			);
			runOnlyForDeploymentPostprocessing = 0;
		};
/* End PBXSourcesBuildPhase section */

/* Begin PBXVariantGroup section */
		260BE8B7235646AA00A7A306 /* LaunchScreen.storyboard */ = {
			isa = PBXVariantGroup;
			children = (
				260BE8B8235646AA00A7A306 /* Base */,
			);
			name = LaunchScreen.storyboard;
			sourceTree = "<group>";
		};
/* End PBXVariantGroup section */

/* Begin XCBuildConfiguration section */
		260BE8BB235646AA00A7A306 /* Debug */ = {
			isa = XCBuildConfiguration;
			buildSettings = {
				ALWAYS_SEARCH_USER_PATHS = NO;
				CLANG_ANALYZER_NONNULL = YES;
				CLANG_ANALYZER_NUMBER_OBJECT_CONVERSION = YES_AGGRESSIVE;
				CLANG_CXX_LANGUAGE_STANDARD = "gnu++14";
				CLANG_CXX_LIBRARY = "libc++";
				CLANG_ENABLE_MODULES = YES;
				CLANG_ENABLE_OBJC_ARC = YES;
				CLANG_ENABLE_OBJC_WEAK = YES;
				CLANG_WARN_BLOCK_CAPTURE_AUTORELEASING = YES;
				CLANG_WARN_BOOL_CONVERSION = YES;
				CLANG_WARN_COMMA = YES;
				CLANG_WARN_CONSTANT_CONVERSION = YES;
				CLANG_WARN_DEPRECATED_OBJC_IMPLEMENTATIONS = YES;
				CLANG_WARN_DIRECT_OBJC_ISA_USAGE = YES_ERROR;
				CLANG_WARN_DOCUMENTATION_COMMENTS = YES;
				CLANG_WARN_EMPTY_BODY = YES;
				CLANG_WARN_ENUM_CONVERSION = YES;
				CLANG_WARN_INFINITE_RECURSION = YES;
				CLANG_WARN_INT_CONVERSION = YES;
				CLANG_WARN_NON_LITERAL_NULL_CONVERSION = YES;
				CLANG_WARN_OBJC_IMPLICIT_RETAIN_SELF = YES;
				CLANG_WARN_OBJC_LITERAL_CONVERSION = YES;
				CLANG_WARN_OBJC_ROOT_CLASS = YES_ERROR;
				CLANG_WARN_RANGE_LOOP_ANALYSIS = YES;
				CLANG_WARN_STRICT_PROTOTYPES = YES;
				CLANG_WARN_SUSPICIOUS_MOVE = YES;
				CLANG_WARN_UNGUARDED_AVAILABILITY = YES_AGGRESSIVE;
				CLANG_WARN_UNREACHABLE_CODE = YES;
				CLANG_WARN__DUPLICATE_METHOD_MATCH = YES;
				COPY_PHASE_STRIP = NO;
				DEBUG_INFORMATION_FORMAT = dwarf;
				ENABLE_STRICT_OBJC_MSGSEND = YES;
				ENABLE_TESTABILITY = YES;
				GCC_C_LANGUAGE_STANDARD = gnu11;
				GCC_DYNAMIC_NO_PIC = NO;
				GCC_NO_COMMON_BLOCKS = YES;
				GCC_OPTIMIZATION_LEVEL = 0;
				GCC_PREPROCESSOR_DEFINITIONS = (
					"DEBUG=1",
					"$(inherited)",
				);
				GCC_WARN_64_TO_32_BIT_CONVERSION = YES;
				GCC_WARN_ABOUT_RETURN_TYPE = YES_ERROR;
				GCC_WARN_UNDECLARED_SELECTOR = YES;
				GCC_WARN_UNINITIALIZED_AUTOS = YES_AGGRESSIVE;
				GCC_WARN_UNUSED_FUNCTION = YES;
				GCC_WARN_UNUSED_VARIABLE = YES;
				IPHONEOS_DEPLOYMENT_TARGET = 13.1;
				MTL_ENABLE_DEBUG_INFO = INCLUDE_SOURCE;
				MTL_FAST_MATH = YES;
				ONLY_ACTIVE_ARCH = YES;
				SDKROOT = iphoneos;
				SWIFT_ACTIVE_COMPILATION_CONDITIONS = DEBUG;
				SWIFT_OPTIMIZATION_LEVEL = "-Onone";
			};
			name = Debug;
		};
		260BE8BC235646AB00A7A306 /* Release */ = {
			isa = XCBuildConfiguration;
			buildSettings = {
				ALWAYS_SEARCH_USER_PATHS = NO;
				CLANG_ANALYZER_NONNULL = YES;
				CLANG_ANALYZER_NUMBER_OBJECT_CONVERSION = YES_AGGRESSIVE;
				CLANG_CXX_LANGUAGE_STANDARD = "gnu++14";
				CLANG_CXX_LIBRARY = "libc++";
				CLANG_ENABLE_MODULES = YES;
				CLANG_ENABLE_OBJC_ARC = YES;
				CLANG_ENABLE_OBJC_WEAK = YES;
				CLANG_WARN_BLOCK_CAPTURE_AUTORELEASING = YES;
				CLANG_WARN_BOOL_CONVERSION = YES;
				CLANG_WARN_COMMA = YES;
				CLANG_WARN_CONSTANT_CONVERSION = YES;
				CLANG_WARN_DEPRECATED_OBJC_IMPLEMENTATIONS = YES;
				CLANG_WARN_DIRECT_OBJC_ISA_USAGE = YES_ERROR;
				CLANG_WARN_DOCUMENTATION_COMMENTS = YES;
				CLANG_WARN_EMPTY_BODY = YES;
				CLANG_WARN_ENUM_CONVERSION = YES;
				CLANG_WARN_INFINITE_RECURSION = YES;
				CLANG_WARN_INT_CONVERSION = YES;
				CLANG_WARN_NON_LITERAL_NULL_CONVERSION = YES;
				CLANG_WARN_OBJC_IMPLICIT_RETAIN_SELF = YES;
				CLANG_WARN_OBJC_LITERAL_CONVERSION = YES;
				CLANG_WARN_OBJC_ROOT_CLASS = YES_ERROR;
				CLANG_WARN_RANGE_LOOP_ANALYSIS = YES;
				CLANG_WARN_STRICT_PROTOTYPES = YES;
				CLANG_WARN_SUSPICIOUS_MOVE = YES;
				CLANG_WARN_UNGUARDED_AVAILABILITY = YES_AGGRESSIVE;
				CLANG_WARN_UNREACHABLE_CODE = YES;
				CLANG_WARN__DUPLICATE_METHOD_MATCH = YES;
				COPY_PHASE_STRIP = NO;
				DEBUG_INFORMATION_FORMAT = "dwarf-with-dsym";
				ENABLE_NS_ASSERTIONS = NO;
				ENABLE_STRICT_OBJC_MSGSEND = YES;
				GCC_C_LANGUAGE_STANDARD = gnu11;
				GCC_NO_COMMON_BLOCKS = YES;
				GCC_WARN_64_TO_32_BIT_CONVERSION = YES;
				GCC_WARN_ABOUT_RETURN_TYPE = YES_ERROR;
				GCC_WARN_UNDECLARED_SELECTOR = YES;
				GCC_WARN_UNINITIALIZED_AUTOS = YES_AGGRESSIVE;
				GCC_WARN_UNUSED_FUNCTION = YES;
				GCC_WARN_UNUSED_VARIABLE = YES;
				IPHONEOS_DEPLOYMENT_TARGET = 13.1;
				MTL_ENABLE_DEBUG_INFO = NO;
				MTL_FAST_MATH = YES;
				SDKROOT = iphoneos;
				SWIFT_COMPILATION_MODE = wholemodule;
				SWIFT_OPTIMIZATION_LEVEL = "-O";
				VALIDATE_PRODUCT = YES;
			};
			name = Release;
		};
		260BE8BE235646AB00A7A306 /* Debug */ = {
			isa = XCBuildConfiguration;
			buildSettings = {
				ASSETCATALOG_COMPILER_APPICON_NAME = AppIcon;
				CODE_SIGN_STYLE = Automatic;
				DEVELOPMENT_ASSET_PATHS = "\"Tennis Anyone Swift/Preview Content\"";
				DEVELOPMENT_TEAM = 53592T5727;
				ENABLE_PREVIEWS = YES;
				INFOPLIST_FILE = "Tennis Anyone Swift/Info.plist";
				LD_RUNPATH_SEARCH_PATHS = (
					"$(inherited)",
					"@executable_path/Frameworks",
				);
				PRODUCT_BUNDLE_IDENTIFIER = "com.rabbithillsolutions.Tennis-Anyone-Swift";
				PRODUCT_NAME = "$(TARGET_NAME)";
				SWIFT_VERSION = 5.0;
				TARGETED_DEVICE_FAMILY = "1,2";
			};
			name = Debug;
		};
		260BE8BF235646AB00A7A306 /* Release */ = {
			isa = XCBuildConfiguration;
			buildSettings = {
				ASSETCATALOG_COMPILER_APPICON_NAME = AppIcon;
				CODE_SIGN_STYLE = Automatic;
				DEVELOPMENT_ASSET_PATHS = "\"Tennis Anyone Swift/Preview Content\"";
				DEVELOPMENT_TEAM = 53592T5727;
				ENABLE_PREVIEWS = YES;
				INFOPLIST_FILE = "Tennis Anyone Swift/Info.plist";
				LD_RUNPATH_SEARCH_PATHS = (
					"$(inherited)",
					"@executable_path/Frameworks",
				);
				PRODUCT_BUNDLE_IDENTIFIER = "com.rabbithillsolutions.Tennis-Anyone-Swift";
				PRODUCT_NAME = "$(TARGET_NAME)";
				SWIFT_VERSION = 5.0;
				TARGETED_DEVICE_FAMILY = "1,2";
			};
			name = Release;
		};
/* End XCBuildConfiguration section */

/* Begin XCConfigurationList section */
		260BE8A42356469F00A7A306 /* Build configuration list for PBXProject "Tennis Anyone Swift" */ = {
			isa = XCConfigurationList;
			buildConfigurations = (
				260BE8BB235646AA00A7A306 /* Debug */,
				260BE8BC235646AB00A7A306 /* Release */,
			);
			defaultConfigurationIsVisible = 0;
			defaultConfigurationName = Release;
		};
		260BE8BD235646AB00A7A306 /* Build configuration list for PBXNativeTarget "Tennis Anyone Swift" */ = {
			isa = XCConfigurationList;
			buildConfigurations = (
				260BE8BE235646AB00A7A306 /* Debug */,
				260BE8BF235646AB00A7A306 /* Release */,
			);
			defaultConfigurationIsVisible = 0;
			defaultConfigurationName = Release;
		};
/* End XCConfigurationList section */
	};
	rootObject = 260BE8A12356469F00A7A306 /* Project object */;
}
